schema: '2.0'
stages:
  prepare:
    cmd: python .\src\prepare.py .\data\CEDAR .\data\prepared\dataset.pkl
    deps:
    - path: .\data\CEDAR\
      hash: md5
      md5: 64943e6c8ef4ae9a2be354bb49d56102.dir
      size: 252256693
      nfiles: 2640
    - path: .\src\prepare.py
      hash: md5
      md5: e8daef44ed5312ae1cd16b6db38394fd
      size: 2513
    params:
      params.yaml:
        prepare.mode: default
    outs:
    - path: .\data\prepared\dataset.pkl
      hash: md5
      md5: 089a10de69f37da86ae437e8d21b8606
      size: 316861522
  featurize:
    cmd: python .\src\featurize.py .\data\prepared\dataset.pkl .\data\features\dataset.pkl
    deps:
    - path: .\data\prepared\dataset.pkl
      hash: md5
      md5: 089a10de69f37da86ae437e8d21b8606
      size: 316861522
    - path: .\src\featurize.py
      hash: md5
      md5: e4e5203d68a6f2ece02c5d744e85c7f7
      size: 1636
    params:
      params.yaml:
        featurization.method: hog
    outs:
    - path: .\data\features\dataset.pkl
      hash: md5
      md5: 7429820448e75632978a05b94b0c09ff
      size: 78195624
  split:
    cmd: python .\src\split.py .\data\features\dataset.pkl .\data\splitted\train.pt
      .\data\splitted\test.pt
    deps:
    - path: .\data\features\dataset.pkl
      hash: md5
      md5: 7429820448e75632978a05b94b0c09ff
      size: 78195624
    - path: .\src\split.py
      hash: md5
      md5: 6a404e9c7e7e7a6bae06a2afbf7a5c5b
      size: 1549
    params:
      params.yaml:
        split.salt: 66
    outs:
    - path: .\data\splitted\test.pt
      hash: md5
      md5: 4fd68377d4a91866950bbb8a153e51fc
      size: 82602644
    - path: .\data\splitted\train.pt
      hash: md5
      md5: 071d90d051a5e87bcbbcf0e10376510e
      size: 82601176
  train:
    cmd: python .\src\train.py .\data\splitted\train.pt .\data\model\model.pkl
    deps:
    - path: .\data\splitted\train.pt
      hash: md5
      md5: 071d90d051a5e87bcbbcf0e10376510e
      size: 82601176
    - path: .\src\train.py
      hash: md5
      md5: 63224492dd8c6ef3e55855eaf382e59d
      size: 1136
    outs:
    - path: .\data\model\model.pkl
      hash: md5
      md5: 1443dc134d88679f13f4dff589027ec4
      size: 23447473
  eval:
    cmd: python .\src\eval.py .\data\splitted\test.pt .\data\model\model.pkl
    deps:
    - path: .\data\model\model.pkl
      hash: md5
      md5: 1443dc134d88679f13f4dff589027ec4
      size: 23447473
    - path: .\data\splitted\train.pt
      hash: md5
      md5: 071d90d051a5e87bcbbcf0e10376510e
      size: 82601176
    - path: .\src\eval.py
      hash: md5
      md5: c723ea7b783bd36e2e84ec873657dd6a
      size: 1293
    outs:
    - path: .\eval
      hash: md5
      md5: 53c225bf1e571c77f74eddf0e63e68f1.dir
      size: 77
      nfiles: 2
